
Microsoft Visual Studio Solution File, Format Version 12.00
# Visual Studio Version 16
VisualStudioVersion = 16.0.29123.88
MinimumVisualStudioVersion = 10.0.40219.1
Project("{FAE04EC0-301F-11D3-BF4B-00C04F79EFBC}") = "cw1", "cw1.csproj", "{2DA17D7A-27A0-4428-A6F4-4CB1C1D99130}"
EndProject
Global
	GlobalSection(SolutionConfigurationPlatforms) = preSolution
		Debug|Any CPU = Debug|Any CPU
		Release|Any CPU = Release|Any CPU
	EndGlobalSection
	GlobalSection(ProjectConfigurationPlatforms) = postSolution
		{2DA17D7A-27A0-4428-A6F4-4CB1C1D99130}.Debug|Any CPU.ActiveCfg = Debug|Any CPU
		{2DA17D7A-27A0-4428-A6F4-4CB1C1D99130}.Debug|Any CPU.Build.0 = Debug|Any CPU
		{2DA17D7A-27A0-4428-A6F4-4CB1C1D99130}.Release|Any CPU.ActiveCfg = Release|Any CPU
		{2DA17D7A-27A0-4428-A6F4-4CB1C1D99130}.Release|Any CPU.Build.0 = Release|Any CPU
	EndGlobalSection
	GlobalSection(SolutionProperties) = preSolution
		HideSolutionNode = FALSE
	EndGlobalSection
	GlobalSection(ExtensibilityGlobals) = postSolution
		SolutionGuid = {918CA2E8-668C-4E13-B853-BD3D7078B719}
	EndGlobalSection
EndGlobal
